Microsoft Visual Studio Solution File, Format Version 12.00
# Visual Studio Version 17
VisualStudioVersion = 17.5.2.0
MinimumVisualStudioVersion = 10.0.40219.1
Project("{FAE04EC0-301F-11D3-BF4B-00C04F79EFBC}") = "MyMicroservice.Api", "MyMicroservice.Api.csproj", "{ABDA8F6F-36E3-969C-B1E8-7B8044ECF056}"
EndProject
Global
	GlobalSection(SolutionConfigurationPlatforms) = preSolution
		Debug|Any CPU = Debug|Any CPU
		Release|Any CPU = Release|Any CPU
	EndGlobalSection
	GlobalSection(ProjectConfigurationPlatforms) = postSolution
		{ABDA8F6F-36E3-969C-B1E8-7B8044ECF056}.Debug|Any CPU.ActiveCfg = Debug|Any CPU
		{ABDA8F6F-36E3-969C-B1E8-7B8044ECF056}.Debug|Any CPU.Build.0 = Debug|Any CPU
		{ABDA8F6F-36E3-969C-B1E8-7B8044ECF056}.Release|Any CPU.ActiveCfg = Release|Any CPU
		{ABDA8F6F-36E3-969C-B1E8-7B8044ECF056}.Release|Any CPU.Build.0 = Release|Any CPU
	EndGlobalSection
	GlobalSection(SolutionProperties) = preSolution
		HideSolutionNode = FALSE
	EndGlobalSection
	GlobalSection(ExtensibilityGlobals) = postSolution
		SolutionGuid = {65AC4EDB-3315-4EC1-BA1A-FB449AB541FF}
	EndGlobalSection
EndGlobal
